
Microsoft Visual Studio Solution File, Format Version 12.00
# Visual Studio Version 17
VisualStudioVersion = 17.4.33103.184
MinimumVisualStudioVersion = 10.0.40219.1
Project("{FAE04EC0-301F-11D3-BF4B-00C04F79EFBC}") = "MauiMigration.UWP", "MauiMigration\MauiMigration.UWP\MauiMigration.UWP.csproj", "{0A14C499-6B89-4CB0-BAD8-8DB0B4159D74}"
EndProject
Project("{FAE04EC0-301F-11D3-BF4B-00C04F79EFBC}") = "MauiMigration.Android", "MauiMigration\MauiMigration.Android\MauiMigration.Android.csproj", "{D8EDF547-CA10-4B2B-9475-5A2C7F225F21}"
EndProject
Project("{FAE04EC0-301F-11D3-BF4B-00C04F79EFBC}") = "MauiMigration.iOS", "MauiMigration\MauiMigration.iOS\MauiMigration.iOS.csproj", "{AF59C87C-D0BF-43DE-9FD2-CC37FBB97FB1}"
EndProject
Project("{9A19103F-16F7-4668-BE54-9A1E7A4F7556}") = "MauiMigration", "MauiMigration\MauiMigration\MauiMigration.csproj", "{A0D7FEB6-41D0-46F2-AFB2-293F66B40277}"
EndProject
Project("{FAE04EC0-301F-11D3-BF4B-00C04F79EFBC}") = "MyMauiApp", "MyMauiApp\MyMauiApp.csproj", "{AFE3FC9D-2513-48C6-96BD-691803CA357F}"
EndProject
Global
	GlobalSection(SolutionConfigurationPlatforms) = preSolution
		Debug|Any CPU = Debug|Any CPU
		Debug|ARM = Debug|ARM
		Debug|iPhone = Debug|iPhone
		Debug|iPhoneSimulator = Debug|iPhoneSimulator
		Debug|x64 = Debug|x64
		Debug|x86 = Debug|x86
		Release|Any CPU = Release|Any CPU
		Release|ARM = Release|ARM
		Release|iPhone = Release|iPhone
		Release|iPhoneSimulator = Release|iPhoneSimulator
		Release|x64 = Release|x64
		Release|x86 = Release|x86
	EndGlobalSection
	GlobalSection(ProjectConfigurationPlatforms) = postSolution
		{0A14C499-6B89-4CB0-BAD8-8DB0B4159D74}.Debug|Any CPU.ActiveCfg = Debug|x64
		{0A14C499-6B89-4CB0-BAD8-8DB0B4159D74}.Debug|Any CPU.Build.0 = Debug|x64
		{0A14C499-6B89-4CB0-BAD8-8DB0B4159D74}.Debug|Any CPU.Deploy.0 = Debug|x64
		{0A14C499-6B89-4CB0-BAD8-8DB0B4159D74}.Debug|ARM.ActiveCfg = Debug|ARM
		{0A14C499-6B89-4CB0-BAD8-8DB0B4159D74}.Debug|ARM.Build.0 = Debug|ARM
		{0A14C499-6B89-4CB0-BAD8-8DB0B4159D74}.Debug|ARM.Deploy.0 = Debug|ARM
		{0A14C499-6B89-4CB0-BAD8-8DB0B4159D74}.Debug|iPhone.ActiveCfg = Debug|x64
		{0A14C499-6B89-4CB0-BAD8-8DB0B4159D74}.Debug|iPhone.Build.0 = Debug|x64
		{0A14C499-6B89-4CB0-BAD8-8DB0B4159D74}.Debug|iPhone.Deploy.0 = Debug|x64
		{0A14C499-6B89-4CB0-BAD8-8DB0B4159D74}.Debug|iPhoneSimulator.ActiveCfg = Debug|x64
		{0A14C499-6B89-4CB0-BAD8-8DB0B4159D74}.Debug|iPhoneSimulator.Build.0 = Debug|x64
		{0A14C499-6B89-4CB0-BAD8-8DB0B4159D74}.Debug|iPhoneSimulator.Deploy.0 = Debug|x64
		{0A14C499-6B89-4CB0-BAD8-8DB0B4159D74}.Debug|x64.ActiveCfg = Debug|x64
		{0A14C499-6B89-4CB0-BAD8-8DB0B4159D74}.Debug|x64.Build.0 = Debug|x64
		{0A14C499-6B89-4CB0-BAD8-8DB0B4159D74}.Debug|x64.Deploy.0 = Debug|x64
		{0A14C499-6B89-4CB0-BAD8-8DB0B4159D74}.Debug|x86.ActiveCfg = Debug|x86
		{0A14C499-6B89-4CB0-BAD8-8DB0B4159D74}.Debug|x86.Build.0 = Debug|x86
		{0A14C499-6B89-4CB0-BAD8-8DB0B4159D74}.Debug|x86.Deploy.0 = Debug|x86
		{0A14C499-6B89-4CB0-BAD8-8DB0B4159D74}.Release|Any CPU.ActiveCfg = Release|x64
		{0A14C499-6B89-4CB0-BAD8-8DB0B4159D74}.Release|Any CPU.Build.0 = Release|x64
		{0A14C499-6B89-4CB0-BAD8-8DB0B4159D74}.Release|Any CPU.Deploy.0 = Release|x64
		{0A14C499-6B89-4CB0-BAD8-8DB0B4159D74}.Release|ARM.ActiveCfg = Release|ARM
		{0A14C499-6B89-4CB0-BAD8-8DB0B4159D74}.Release|ARM.Build.0 = Release|ARM
		{0A14C499-6B89-4CB0-BAD8-8DB0B4159D74}.Release|ARM.Deploy.0 = Release|ARM
		{0A14C499-6B89-4CB0-BAD8-8DB0B4159D74}.Release|iPhone.ActiveCfg = Release|x64
		{0A14C499-6B89-4CB0-BAD8-8DB0B4159D74}.Release|iPhone.Build.0 = Release|x64
		{0A14C499-6B89-4CB0-BAD8-8DB0B4159D74}.Release|iPhone.Deploy.0 = Release|x64
		{0A14C499-6B89-4CB0-BAD8-8DB0B4159D74}.Release|iPhoneSimulator.ActiveCfg = Release|x64
		{0A14C499-6B89-4CB0-BAD8-8DB0B4159D74}.Release|iPhoneSimulator.Build.0 = Release|x64
		{0A14C499-6B89-4CB0-BAD8-8DB0B4159D74}.Release|iPhoneSimulator.Deploy.0 = Release|x64
		{0A14C499-6B89-4CB0-BAD8-8DB0B4159D74}.Release|x64.ActiveCfg = Release|x64
		{0A14C499-6B89-4CB0-BAD8-8DB0B4159D74}.Release|x64.Build.0 = Release|x64
		{0A14C499-6B89-4CB0-BAD8-8DB0B4159D74}.Release|x64.Deploy.0 = Release|x64
		{0A14C499-6B89-4CB0-BAD8-8DB0B4159D74}.Release|x86.ActiveCfg = Release|x86
		{0A14C499-6B89-4CB0-BAD8-8DB0B4159D74}.Release|x86.Build.0 = Release|x86
		{0A14C499-6B89-4CB0-BAD8-8DB0B4159D74}.Release|x86.Deploy.0 = Release|x86
		{D8EDF547-CA10-4B2B-9475-5A2C7F225F21}.Debug|Any CPU.ActiveCfg = Debug|Any CPU
		{D8EDF547-CA10-4B2B-9475-5A2C7F225F21}.Debug|Any CPU.Build.0 = Debug|Any CPU
		{D8EDF547-CA10-4B2B-9475-5A2C7F225F21}.Debug|Any CPU.Deploy.0 = Debug|Any CPU
		{D8EDF547-CA10-4B2B-9475-5A2C7F225F21}.Debug|ARM.ActiveCfg = Debug|Any CPU
		{D8EDF547-CA10-4B2B-9475-5A2C7F225F21}.Debug|ARM.Build.0 = Debug|Any CPU
		{D8EDF547-CA10-4B2B-9475-5A2C7F225F21}.Debug|ARM.Deploy.0 = Debug|Any CPU
		{D8EDF547-CA10-4B2B-9475-5A2C7F225F21}.Debug|iPhone.ActiveCfg = Debug|Any CPU
		{D8EDF547-CA10-4B2B-9475-5A2C7F225F21}.Debug|iPhone.Build.0 = Debug|Any CPU
		{D8EDF547-CA10-4B2B-9475-5A2C7F225F21}.Debug|iPhone.Deploy.0 = Debug|Any CPU
		{D8EDF547-CA10-4B2B-9475-5A2C7F225F21}.Debug|iPhoneSimulator.ActiveCfg = Debug|Any CPU
		{D8EDF547-CA10-4B2B-9475-5A2C7F225F21}.Debug|iPhoneSimulator.Build.0 = Debug|Any CPU
		{D8EDF547-CA10-4B2B-9475-5A2C7F225F21}.Debug|iPhoneSimulator.Deploy.0 = Debug|Any CPU
		{D8EDF547-CA10-4B2B-9475-5A2C7F225F21}.Debug|x64.ActiveCfg = Debug|Any CPU
		{D8EDF547-CA10-4B2B-9475-5A2C7F225F21}.Debug|x64.Build.0 = Debug|Any CPU
		{D8EDF547-CA10-4B2B-9475-5A2C7F225F21}.Debug|x64.Deploy.0 = Debug|Any CPU
		{D8EDF547-CA10-4B2B-9475-5A2C7F225F21}.Debug|x86.ActiveCfg = Debug|Any CPU
		{D8EDF547-CA10-4B2B-9475-5A2C7F225F21}.Debug|x86.Build.0 = Debug|Any CPU
		{D8EDF547-CA10-4B2B-9475-5A2C7F225F21}.Debug|x86.Deploy.0 = Debug|Any CPU
		{D8EDF547-CA10-4B2B-9475-5A2C7F225F21}.Release|Any CPU.ActiveCfg = Release|Any CPU
		{D8EDF547-CA10-4B2B-9475-5A2C7F225F21}.Release|Any CPU.Build.0 = Release|Any CPU
		{D8EDF547-CA10-4B2B-9475-5A2C7F225F21}.Release|Any CPU.Deploy.0 = Release|Any CPU
		{D8EDF547-CA10-4B2B-9475-5A2C7F225F21}.Release|ARM.ActiveCfg = Release|Any CPU
		{D8EDF547-CA10-4B2B-9475-5A2C7F225F21}.Release|ARM.Build.0 = Release|Any CPU
		{D8EDF547-CA10-4B2B-9475-5A2C7F225F21}.Release|ARM.Deploy.0 = Release|Any CPU
		{D8EDF547-CA10-4B2B-9475-5A2C7F225F21}.Release|iPhone.ActiveCfg = Release|Any CPU
		{D8EDF547-CA10-4B2B-9475-5A2C7F225F21}.Release|iPhone.Build.0 = Release|Any CPU
		{D8EDF547-CA10-4B2B-9475-5A2C7F225F21}.Release|iPhone.Deploy.0 = Release|Any CPU
		{D8EDF547-CA10-4B2B-9475-5A2C7F225F21}.Release|iPhoneSimulator.ActiveCfg = Release|Any CPU
		{D8EDF547-CA10-4B2B-9475-5A2C7F225F21}.Release|iPhoneSimulator.Build.0 = Release|Any CPU
		{D8EDF547-CA10-4B2B-9475-5A2C7F225F21}.Release|iPhoneSimulator.Deploy.0 = Release|Any CPU
		{D8EDF547-CA10-4B2B-9475-5A2C7F225F21}.Release|x64.ActiveCfg = Release|Any CPU
		{D8EDF547-CA10-4B2B-9475-5A2C7F225F21}.Release|x64.Build.0 = Release|Any CPU
		{D8EDF547-CA10-4B2B-9475-5A2C7F225F21}.Release|x64.Deploy.0 = Release|Any CPU
		{D8EDF547-CA10-4B2B-9475-5A2C7F225F21}.Release|x86.ActiveCfg = Release|Any CPU
		{D8EDF547-CA10-4B2B-9475-5A2C7F225F21}.Release|x86.Build.0 = Release|Any CPU
		{D8EDF547-CA10-4B2B-9475-5A2C7F225F21}.Release|x86.Deploy.0 = Release|Any CPU
		{AF59C87C-D0BF-43DE-9FD2-CC37FBB97FB1}.Debug|Any CPU.ActiveCfg = Debug|iPhoneSimulator
		{AF59C87C-D0BF-43DE-9FD2-CC37FBB97FB1}.Debug|Any CPU.Build.0 = Debug|iPhoneSimulator
		{AF59C87C-D0BF-43DE-9FD2-CC37FBB97FB1}.Debug|Any CPU.Deploy.0 = Debug|iPhoneSimulator
		{AF59C87C-D0BF-43DE-9FD2-CC37FBB97FB1}.Debug|ARM.ActiveCfg = Debug|iPhoneSimulator
		{AF59C87C-D0BF-43DE-9FD2-CC37FBB97FB1}.Debug|ARM.Build.0 = Debug|iPhoneSimulator
		{AF59C87C-D0BF-43DE-9FD2-CC37FBB97FB1}.Debug|ARM.Deploy.0 = Debug|iPhoneSimulator
		{AF59C87C-D0BF-43DE-9FD2-CC37FBB97FB1}.Debug|iPhone.ActiveCfg = Debug|iPhone
		{AF59C87C-D0BF-43DE-9FD2-CC37FBB97FB1}.Debug|iPhone.Build.0 = Debug|iPhone
		{AF59C87C-D0BF-43DE-9FD2-CC37FBB97FB1}.Debug|iPhone.Deploy.0 = Debug|iPhone
		{AF59C87C-D0BF-43DE-9FD2-CC37FBB97FB1}.Debug|iPhoneSimulator.ActiveCfg = Debug|iPhoneSimulator
		{AF59C87C-D0BF-43DE-9FD2-CC37FBB97FB1}.Debug|iPhoneSimulator.Build.0 = Debug|iPhoneSimulator
		{AF59C87C-D0BF-43DE-9FD2-CC37FBB97FB1}.Debug|iPhoneSimulator.Deploy.0 = Debug|iPhoneSimulator
		{AF59C87C-D0BF-43DE-9FD2-CC37FBB97FB1}.Debug|x64.ActiveCfg = Debug|iPhone
		{AF59C87C-D0BF-43DE-9FD2-CC37FBB97FB1}.Debug|x64.Build.0 = Debug|iPhone
		{AF59C87C-D0BF-43DE-9FD2-CC37FBB97FB1}.Debug|x64.Deploy.0 = Debug|iPhone
		{AF59C87C-D0BF-43DE-9FD2-CC37FBB97FB1}.Debug|x86.ActiveCfg = Debug|iPhoneSimulator
		{AF59C87C-D0BF-43DE-9FD2-CC37FBB97FB1}.Debug|x86.Build.0 = Debug|iPhoneSimulator
		{AF59C87C-D0BF-43DE-9FD2-CC37FBB97FB1}.Debug|x86.Deploy.0 = Debug|iPhoneSimulator
		{AF59C87C-D0BF-43DE-9FD2-CC37FBB97FB1}.Release|Any CPU.ActiveCfg = Release|iPhoneSimulator
		{AF59C87C-D0BF-43DE-9FD2-CC37FBB97FB1}.Release|Any CPU.Build.0 = Release|iPhoneSimulator
		{AF59C87C-D0BF-43DE-9FD2-CC37FBB97FB1}.Release|Any CPU.Deploy.0 = Release|iPhoneSimulator
		{AF59C87C-D0BF-43DE-9FD2-CC37FBB97FB1}.Release|ARM.ActiveCfg = Release|iPhoneSimulator
		{AF59C87C-D0BF-43DE-9FD2-CC37FBB97FB1}.Release|ARM.Build.0 = Release|iPhoneSimulator
		{AF59C87C-D0BF-43DE-9FD2-CC37FBB97FB1}.Release|ARM.Deploy.0 = Release|iPhoneSimulator
		{AF59C87C-D0BF-43DE-9FD2-CC37FBB97FB1}.Release|iPhone.ActiveCfg = Release|iPhone
		{AF59C87C-D0BF-43DE-9FD2-CC37FBB97FB1}.Release|iPhone.Build.0 = Release|iPhone
		{AF59C87C-D0BF-43DE-9FD2-CC37FBB97FB1}.Release|iPhone.Deploy.0 = Release|iPhone
		{AF59C87C-D0BF-43DE-9FD2-CC37FBB97FB1}.Release|iPhoneSimulator.ActiveCfg = Release|iPhoneSimulator
		{AF59C87C-D0BF-43DE-9FD2-CC37FBB97FB1}.Release|iPhoneSimulator.Build.0 = Release|iPhoneSimulator
		{AF59C87C-D0BF-43DE-9FD2-CC37FBB97FB1}.Release|iPhoneSimulator.Deploy.0 = Release|iPhoneSimulator
		{AF59C87C-D0BF-43DE-9FD2-CC37FBB97FB1}.Release|x64.ActiveCfg = Release|iPhoneSimulator
		{AF59C87C-D0BF-43DE-9FD2-CC37FBB97FB1}.Release|x64.Build.0 = Release|iPhoneSimulator
		{AF59C87C-D0BF-43DE-9FD2-CC37FBB97FB1}.Release|x64.Deploy.0 = Release|iPhoneSimulator
		{AF59C87C-D0BF-43DE-9FD2-CC37FBB97FB1}.Release|x86.ActiveCfg = Release|iPhoneSimulator
		{AF59C87C-D0BF-43DE-9FD2-CC37FBB97FB1}.Release|x86.Build.0 = Release|iPhoneSimulator
		{AF59C87C-D0BF-43DE-9FD2-CC37FBB97FB1}.Release|x86.Deploy.0 = Release|iPhoneSimulator
		{A0D7FEB6-41D0-46F2-AFB2-293F66B40277}.Debug|Any CPU.ActiveCfg = Debug|Any CPU
		{A0D7FEB6-41D0-46F2-AFB2-293F66B40277}.Debug|Any CPU.Build.0 = Debug|Any CPU
		{A0D7FEB6-41D0-46F2-AFB2-293F66B40277}.Debug|Any CPU.Deploy.0 = Debug|Any CPU
		{A0D7FEB6-41D0-46F2-AFB2-293F66B40277}.Debug|ARM.ActiveCfg = Debug|Any CPU
		{A0D7FEB6-41D0-46F2-AFB2-293F66B40277}.Debug|ARM.Build.0 = Debug|Any CPU
		{A0D7FEB6-41D0-46F2-AFB2-293F66B40277}.Debug|ARM.Deploy.0 = Debug|Any CPU
		{A0D7FEB6-41D0-46F2-AFB2-293F66B40277}.Debug|iPhone.ActiveCfg = Debug|Any CPU
		{A0D7FEB6-41D0-46F2-AFB2-293F66B40277}.Debug|iPhone.Build.0 = Debug|Any CPU
		{A0D7FEB6-41D0-46F2-AFB2-293F66B40277}.Debug|iPhone.Deploy.0 = Debug|Any CPU
		{A0D7FEB6-41D0-46F2-AFB2-293F66B40277}.Debug|iPhoneSimulator.ActiveCfg = Debug|Any CPU
		{A0D7FEB6-41D0-46F2-AFB2-293F66B40277}.Debug|iPhoneSimulator.Build.0 = Debug|Any CPU
		{A0D7FEB6-41D0-46F2-AFB2-293F66B40277}.Debug|iPhoneSimulator.Deploy.0 = Debug|Any CPU
		{A0D7FEB6-41D0-46F2-AFB2-293F66B40277}.Debug|x64.ActiveCfg = Debug|Any CPU
		{A0D7FEB6-41D0-46F2-AFB2-293F66B40277}.Debug|x64.Build.0 = Debug|Any CPU
		{A0D7FEB6-41D0-46F2-AFB2-293F66B40277}.Debug|x64.Deploy.0 = Debug|Any CPU
		{A0D7FEB6-41D0-46F2-AFB2-293F66B40277}.Debug|x86.ActiveCfg = Debug|Any CPU
		{A0D7FEB6-41D0-46F2-AFB2-293F66B40277}.Debug|x86.Build.0 = Debug|Any CPU
		{A0D7FEB6-41D0-46F2-AFB2-293F66B40277}.Debug|x86.Deploy.0 = Debug|Any CPU
		{A0D7FEB6-41D0-46F2-AFB2-293F66B40277}.Release|Any CPU.ActiveCfg = Release|Any CPU
		{A0D7FEB6-41D0-46F2-AFB2-293F66B40277}.Release|Any CPU.Build.0 = Release|Any CPU
		{A0D7FEB6-41D0-46F2-AFB2-293F66B40277}.Release|Any CPU.Deploy.0 = Release|Any CPU
		{A0D7FEB6-41D0-46F2-AFB2-293F66B40277}.Release|ARM.ActiveCfg = Release|Any CPU
		{A0D7FEB6-41D0-46F2-AFB2-293F66B40277}.Release|ARM.Build.0 = Release|Any CPU
		{A0D7FEB6-41D0-46F2-AFB2-293F66B40277}.Release|ARM.Deploy.0 = Release|Any CPU
		{A0D7FEB6-41D0-46F2-AFB2-293F66B40277}.Release|iPhone.ActiveCfg = Release|Any CPU
		{A0D7FEB6-41D0-46F2-AFB2-293F66B40277}.Release|iPhone.Build.0 = Release|Any CPU
		{A0D7FEB6-41D0-46F2-AFB2-293F66B40277}.Release|iPhone.Deploy.0 = Release|Any CPU
		{A0D7FEB6-41D0-46F2-AFB2-293F66B40277}.Release|iPhoneSimulator.ActiveCfg = Release|Any CPU
		{A0D7FEB6-41D0-46F2-AFB2-293F66B40277}.Release|iPhoneSimulator.Build.0 = Release|Any CPU
		{A0D7FEB6-41D0-46F2-AFB2-293F66B40277}.Release|iPhoneSimulator.Deploy.0 = Release|Any CPU
		{A0D7FEB6-41D0-46F2-AFB2-293F66B40277}.Release|x64.ActiveCfg = Release|Any CPU
		{A0D7FEB6-41D0-46F2-AFB2-293F66B40277}.Release|x64.Build.0 = Release|Any CPU
		{A0D7FEB6-41D0-46F2-AFB2-293F66B40277}.Release|x64.Deploy.0 = Release|Any CPU
		{A0D7FEB6-41D0-46F2-AFB2-293F66B40277}.Release|x86.ActiveCfg = Release|Any CPU
		{A0D7FEB6-41D0-46F2-AFB2-293F66B40277}.Release|x86.Build.0 = Release|Any CPU
		{A0D7FEB6-41D0-46F2-AFB2-293F66B40277}.Release|x86.Deploy.0 = Release|Any CPU
		{AFE3FC9D-2513-48C6-96BD-691803CA357F}.Debug|Any CPU.ActiveCfg = Debug|Any CPU
		{AFE3FC9D-2513-48C6-96BD-691803CA357F}.Debug|Any CPU.Build.0 = Debug|Any CPU
		{AFE3FC9D-2513-48C6-96BD-691803CA357F}.Debug|Any CPU.Deploy.0 = Debug|Any CPU
		{AFE3FC9D-2513-48C6-96BD-691803CA357F}.Debug|ARM.ActiveCfg = Debug|Any CPU
		{AFE3FC9D-2513-48C6-96BD-691803CA357F}.Debug|ARM.Build.0 = Debug|Any CPU
		{AFE3FC9D-2513-48C6-96BD-691803CA357F}.Debug|ARM.Deploy.0 = Debug|Any CPU
		{AFE3FC9D-2513-48C6-96BD-691803CA357F}.Debug|iPhone.ActiveCfg = Debug|Any CPU
		{AFE3FC9D-2513-48C6-96BD-691803CA357F}.Debug|iPhone.Build.0 = Debug|Any CPU
		{AFE3FC9D-2513-48C6-96BD-691803CA357F}.Debug|iPhone.Deploy.0 = Debug|Any CPU
		{AFE3FC9D-2513-48C6-96BD-691803CA357F}.Debug|iPhoneSimulator.ActiveCfg = Debug|Any CPU
		{AFE3FC9D-2513-48C6-96BD-691803CA357F}.Debug|iPhoneSimulator.Build.0 = Debug|Any CPU
		{AFE3FC9D-2513-48C6-96BD-691803CA357F}.Debug|iPhoneSimulator.Deploy.0 = Debug|Any CPU
		{AFE3FC9D-2513-48C6-96BD-691803CA357F}.Debug|x64.ActiveCfg = Debug|Any CPU
		{AFE3FC9D-2513-48C6-96BD-691803CA357F}.Debug|x64.Build.0 = Debug|Any CPU
		{AFE3FC9D-2513-48C6-96BD-691803CA357F}.Debug|x64.Deploy.0 = Debug|Any CPU
		{AFE3FC9D-2513-48C6-96BD-691803CA357F}.Debug|x86.ActiveCfg = Debug|Any CPU
		{AFE3FC9D-2513-48C6-96BD-691803CA357F}.Debug|x86.Build.0 = Debug|Any CPU
		{AFE3FC9D-2513-48C6-96BD-691803CA357F}.Debug|x86.Deploy.0 = Debug|Any CPU
		{AFE3FC9D-2513-48C6-96BD-691803CA357F}.Release|Any CPU.ActiveCfg = Release|Any CPU
		{AFE3FC9D-2513-48C6-96BD-691803CA357F}.Release|Any CPU.Build.0 = Release|Any CPU
		{AFE3FC9D-2513-48C6-96BD-691803CA357F}.Release|Any CPU.Deploy.0 = Release|Any CPU
		{AFE3FC9D-2513-48C6-96BD-691803CA357F}.Release|ARM.ActiveCfg = Release|Any CPU
		{AFE3FC9D-2513-48C6-96BD-691803CA357F}.Release|ARM.Build.0 = Release|Any CPU
		{AFE3FC9D-2513-48C6-96BD-691803CA357F}.Release|ARM.Deploy.0 = Release|Any CPU
		{AFE3FC9D-2513-48C6-96BD-691803CA357F}.Release|iPhone.ActiveCfg = Release|Any CPU
		{AFE3FC9D-2513-48C6-96BD-691803CA357F}.Release|iPhone.Build.0 = Release|Any CPU
		{AFE3FC9D-2513-48C6-96BD-691803CA357F}.Release|iPhone.Deploy.0 = Release|Any CPU
		{AFE3FC9D-2513-48C6-96BD-691803CA357F}.Release|iPhoneSimulator.ActiveCfg = Release|Any CPU
		{AFE3FC9D-2513-48C6-96BD-691803CA357F}.Release|iPhoneSimulator.Build.0 = Release|Any CPU
		{AFE3FC9D-2513-48C6-96BD-691803CA357F}.Release|iPhoneSimulator.Deploy.0 = Release|Any CPU
		{AFE3FC9D-2513-48C6-96BD-691803CA357F}.Release|x64.ActiveCfg = Release|Any CPU
		{AFE3FC9D-2513-48C6-96BD-691803CA357F}.Release|x64.Build.0 = Release|Any CPU
		{AFE3FC9D-2513-48C6-96BD-691803CA357F}.Release|x64.Deploy.0 = Release|Any CPU
		{AFE3FC9D-2513-48C6-96BD-691803CA357F}.Release|x86.ActiveCfg = Release|Any CPU
		{AFE3FC9D-2513-48C6-96BD-691803CA357F}.Release|x86.Build.0 = Release|Any CPU
		{AFE3FC9D-2513-48C6-96BD-691803CA357F}.Release|x86.Deploy.0 = Release|Any CPU
	EndGlobalSection
	GlobalSection(SolutionProperties) = preSolution
		HideSolutionNode = FALSE
	EndGlobalSection
	GlobalSection(ExtensibilityGlobals) = postSolution
		SolutionGuid = {5478F1EB-4F0E-436E-AAF4-E7805582C727}
	EndGlobalSection
EndGlobal
